
Microsoft Visual Studio Solution File, Format Version 12.00
# Visual Studio Version 17
VisualStudioVersion = 17.0.31903.59
MinimumVisualStudioVersion = 10.0.40219.1
Project("{2150E333-8FDC-42A3-9474-1A3956D46DE8}") = "src", "src", "{827E0CD3-B72D-47B6-A68D-7590B98EB39B}"
EndProject
Project("{FAE04EC0-301F-11D3-BF4B-00C04F79EFBC}") = "Jellyfin.Plugin.Jimaku", "src\Jellyfin.Plugin.Jimaku\Jellyfin.Plugin.Jimaku.csproj", "{8EACE240-F849-480E-9394-AF9B319691F8}"
EndProject
Project("{FAE04EC0-301F-11D3-BF4B-00C04F79EFBC}") = "Jellyfin.Plugin.Jimaku.Tests", "tests\Jellyfin.Plugin.Jimaku.Tests\Jellyfin.Plugin.Jimaku.Tests.csproj", "{DF08A7B3-90F3-4DB6-A115-03A8EBBDB89E}"
EndProject
Project("{FAE04EC0-301F-11D3-BF4B-00C04F79EFBC}") = "Jellyfin.Plugin.Jimaku.Silero", "src\Jellyfin.Plugin.Jimaku.Silero\Jellyfin.Plugin.Jimaku.Silero.csproj", "{F31F7ACA-622C-420B-9054-416B8435DD49}"
EndProject
Global
	GlobalSection(SolutionConfigurationPlatforms) = preSolution
		Debug|Any CPU = Debug|Any CPU
		Debug|x64 = Debug|x64
		Debug|x86 = Debug|x86
		Release|Any CPU = Release|Any CPU
		Release|x64 = Release|x64
		Release|x86 = Release|x86
	EndGlobalSection
	GlobalSection(ProjectConfigurationPlatforms) = postSolution
		{8EACE240-F849-480E-9394-AF9B319691F8}.Debug|Any CPU.ActiveCfg = Debug|Any CPU
		{8EACE240-F849-480E-9394-AF9B319691F8}.Debug|Any CPU.Build.0 = Debug|Any CPU
		{8EACE240-F849-480E-9394-AF9B319691F8}.Debug|x64.ActiveCfg = Debug|Any CPU
		{8EACE240-F849-480E-9394-AF9B319691F8}.Debug|x64.Build.0 = Debug|Any CPU
		{8EACE240-F849-480E-9394-AF9B319691F8}.Debug|x86.ActiveCfg = Debug|Any CPU
		{8EACE240-F849-480E-9394-AF9B319691F8}.Debug|x86.Build.0 = Debug|Any CPU
		{8EACE240-F849-480E-9394-AF9B319691F8}.Release|Any CPU.ActiveCfg = Release|Any CPU
		{8EACE240-F849-480E-9394-AF9B319691F8}.Release|Any CPU.Build.0 = Release|Any CPU
		{8EACE240-F849-480E-9394-AF9B319691F8}.Release|x64.ActiveCfg = Release|Any CPU
		{8EACE240-F849-480E-9394-AF9B319691F8}.Release|x64.Build.0 = Release|Any CPU
		{8EACE240-F849-480E-9394-AF9B319691F8}.Release|x86.ActiveCfg = Release|Any CPU
		{8EACE240-F849-480E-9394-AF9B319691F8}.Release|x86.Build.0 = Release|Any CPU
		{DF08A7B3-90F3-4DB6-A115-03A8EBBDB89E}.Debug|Any CPU.ActiveCfg = Debug|Any CPU
		{DF08A7B3-90F3-4DB6-A115-03A8EBBDB89E}.Debug|Any CPU.Build.0 = Debug|Any CPU
		{DF08A7B3-90F3-4DB6-A115-03A8EBBDB89E}.Debug|x64.ActiveCfg = Debug|Any CPU
		{DF08A7B3-90F3-4DB6-A115-03A8EBBDB89E}.Debug|x64.Build.0 = Debug|Any CPU
		{DF08A7B3-90F3-4DB6-A115-03A8EBBDB89E}.Debug|x86.ActiveCfg = Debug|Any CPU
		{DF08A7B3-90F3-4DB6-A115-03A8EBBDB89E}.Debug|x86.Build.0 = Debug|Any CPU
		{DF08A7B3-90F3-4DB6-A115-03A8EBBDB89E}.Release|Any CPU.ActiveCfg = Release|Any CPU
		{DF08A7B3-90F3-4DB6-A115-03A8EBBDB89E}.Release|Any CPU.Build.0 = Release|Any CPU
		{DF08A7B3-90F3-4DB6-A115-03A8EBBDB89E}.Release|x64.ActiveCfg = Release|Any CPU
		{DF08A7B3-90F3-4DB6-A115-03A8EBBDB89E}.Release|x64.Build.0 = Release|Any CPU
		{DF08A7B3-90F3-4DB6-A115-03A8EBBDB89E}.Release|x86.ActiveCfg = Release|Any CPU
		{DF08A7B3-90F3-4DB6-A115-03A8EBBDB89E}.Release|x86.Build.0 = Release|Any CPU
		{F31F7ACA-622C-420B-9054-416B8435DD49}.Debug|Any CPU.ActiveCfg = Debug|Any CPU
		{F31F7ACA-622C-420B-9054-416B8435DD49}.Debug|Any CPU.Build.0 = Debug|Any CPU
		{F31F7ACA-622C-420B-9054-416B8435DD49}.Debug|x64.ActiveCfg = Debug|Any CPU
		{F31F7ACA-622C-420B-9054-416B8435DD49}.Debug|x64.Build.0 = Debug|Any CPU
		{F31F7ACA-622C-420B-9054-416B8435DD49}.Debug|x86.ActiveCfg = Debug|Any CPU
		{F31F7ACA-622C-420B-9054-416B8435DD49}.Debug|x86.Build.0 = Debug|Any CPU
		{F31F7ACA-622C-420B-9054-416B8435DD49}.Release|Any CPU.ActiveCfg = Release|Any CPU
		{F31F7ACA-622C-420B-9054-416B8435DD49}.Release|Any CPU.Build.0 = Release|Any CPU
		{F31F7ACA-622C-420B-9054-416B8435DD49}.Release|x64.ActiveCfg = Release|Any CPU
		{F31F7ACA-622C-420B-9054-416B8435DD49}.Release|x64.Build.0 = Release|Any CPU
		{F31F7ACA-622C-420B-9054-416B8435DD49}.Release|x86.ActiveCfg = Release|Any CPU
		{F31F7ACA-622C-420B-9054-416B8435DD49}.Release|x86.Build.0 = Release|Any CPU
	EndGlobalSection
	GlobalSection(SolutionProperties) = preSolution
		HideSolutionNode = FALSE
	EndGlobalSection
	GlobalSection(NestedProjects) = preSolution
		{8EACE240-F849-480E-9394-AF9B319691F8} = {827E0CD3-B72D-47B6-A68D-7590B98EB39B}
		{DF08A7B3-90F3-4DB6-A115-03A8EBBDB89E} = {827E0CD3-B72D-47B6-A68D-7590B98EB39B}
		{F31F7ACA-622C-420B-9054-416B8435DD49} = {827E0CD3-B72D-47B6-A68D-7590B98EB39B}
	EndGlobalSection
EndGlobal
